
Microsoft Visual Studio Solution File, Format Version 12.00
# Visual Studio Version 17
VisualStudioVersion = 17.5.002.0
MinimumVisualStudioVersion = 10.0.40219.1
Project("{9A19103F-16F7-4668-BE54-9A1E7A4F7556}") = "WeatherApp", "WeatherApp\WeatherApp.csproj", "{06D19823-587B-485E-BAD8-D29DC3BAF01D}"
EndProject
Global
	GlobalSection(SolutionConfigurationPlatforms) = preSolution
		Debug|Any CPU = Debug|Any CPU
		Release|Any CPU = Release|Any CPU
	EndGlobalSection
	GlobalSection(ProjectConfigurationPlatforms) = postSolution
		{06D19823-587B-485E-BAD8-D29DC3BAF01D}.Debug|Any CPU.ActiveCfg = Debug|Any CPU
		{06D19823-587B-485E-BAD8-D29DC3BAF01D}.Debug|Any CPU.Build.0 = Debug|Any CPU
		{06D19823-587B-485E-BAD8-D29DC3BAF01D}.Release|Any CPU.ActiveCfg = Release|Any CPU
		{06D19823-587B-485E-BAD8-D29DC3BAF01D}.Release|Any CPU.Build.0 = Release|Any CPU
	EndGlobalSection
	GlobalSection(SolutionProperties) = preSolution
		HideSolutionNode = FALSE
	EndGlobalSection
	GlobalSection(ExtensibilityGlobals) = postSolution
		SolutionGuid = {E756D467-33A1-43BB-AF29-69367C85115E}
	EndGlobalSection
EndGlobal
